
Microsoft Visual Studio Solution File, Format Version 12.00
# Visual Studio Version 17
VisualStudioVersion = 17.0.31903.59
MinimumVisualStudioVersion = 10.0.40219.1
Project("{2150E333-8FDC-42A3-9474-1A3956D46DE8}") = "Core", "Core", "{BAD99122-D6DE-4F78-BADE-0EA1486127F8}"
EndProject
Project("{FAE04EC0-301F-11D3-BF4B-00C04F79EFBC}") = "Application", "src\Application\Application.csproj", "{E791D925-2214-41A5-98F1-1FDBE6FD1173}"
EndProject
Project("{FAE04EC0-301F-11D3-BF4B-00C04F79EFBC}") = "Domain", "src\Domain\Domain.csproj", "{58D1D01D-0F81-40AE-A108-41505037186D}"
EndProject
Project("{2150E333-8FDC-42A3-9474-1A3956D46DE8}") = "Solution Items", "Solution Items", "{1222EB93-98C0-4D9A-A9EC-2959BC7BAC31}"
	ProjectSection(SolutionItems) = preProject
		.gitignore = .gitignore
		Directory.Packages.props = Directory.Packages.props
		global.json = global.json
		README.md = README.md
	EndProjectSection
EndProject
Project("{2150E333-8FDC-42A3-9474-1A3956D46DE8}") = "Presentation", "Presentation", "{4F3F485F-E52A-4114-8D18-9734D0A6A8B1}"
EndProject
Project("{FAE04EC0-301F-11D3-BF4B-00C04F79EFBC}") = "API", "src\API\API.csproj", "{E1359C3D-3A3B-4654-AC1C-F4FA9122E7A8}"
EndProject
Project("{2150E333-8FDC-42A3-9474-1A3956D46DE8}") = "Tests", "Tests", "{6495C664-E51B-4014-9F59-EF2768D72EAA}"
EndProject
Project("{FAE04EC0-301F-11D3-BF4B-00C04F79EFBC}") = "CleanArchitecture.ArchitectureTests", "tests\CleanArchitecture.ArchitectureTests\CleanArchitecture.ArchitectureTests.csproj", "{DFB86A65-8CD1-4857-A86C-C9C9121E718D}"
EndProject
Project("{FAE04EC0-301F-11D3-BF4B-00C04F79EFBC}") = "CleanArchitecture.UnitTests", "tests\CleanArchitecture.UnitTests\CleanArchitecture.UnitTests.csproj", "{28366CED-9C29-4A80-8EA8-0BD1DF499F88}"
EndProject
Project("{2150E333-8FDC-42A3-9474-1A3956D46DE8}") = "devops", "devops", "{DF5EAF9F-221F-4CAA-ACF2-954C72FD7CA5}"
	ProjectSection(SolutionItems) = preProject
		devops\clean-architecture-api-cd.yml = devops\clean-architecture-api-cd.yml
		devops\clean-architecture-ci.yml = devops\clean-architecture-ci.yml
	EndProjectSection
EndProject
Project("{2150E333-8FDC-42A3-9474-1A3956D46DE8}") = "templates", "templates", "{7F5F1FED-D0B8-4D97-B018-A0AB54038B79}"
	ProjectSection(SolutionItems) = preProject
		devops\templates\deploy-to-environment.yml = devops\templates\deploy-to-environment.yml
	EndProjectSection
EndProject
Project("{2150E333-8FDC-42A3-9474-1A3956D46DE8}") = "Infra", "Infra", "{2C904954-0083-4F2C-A144-ADE3D341EDB4}"
EndProject
Project("{FAE04EC0-301F-11D3-BF4B-00C04F79EFBC}") = "Infrastructure", "src\Infrastructure\Infrastructure.csproj", "{C74E1D2E-2C6B-4EF5-B401-C06488F35269}"
EndProject
Global
	GlobalSection(SolutionConfigurationPlatforms) = preSolution
		Debug|Any CPU = Debug|Any CPU
		Release|Any CPU = Release|Any CPU
	EndGlobalSection
	GlobalSection(ProjectConfigurationPlatforms) = postSolution
		{E791D925-2214-41A5-98F1-1FDBE6FD1173}.Debug|Any CPU.ActiveCfg = Debug|Any CPU
		{E791D925-2214-41A5-98F1-1FDBE6FD1173}.Debug|Any CPU.Build.0 = Debug|Any CPU
		{E791D925-2214-41A5-98F1-1FDBE6FD1173}.Release|Any CPU.ActiveCfg = Release|Any CPU
		{E791D925-2214-41A5-98F1-1FDBE6FD1173}.Release|Any CPU.Build.0 = Release|Any CPU
		{58D1D01D-0F81-40AE-A108-41505037186D}.Debug|Any CPU.ActiveCfg = Debug|Any CPU
		{58D1D01D-0F81-40AE-A108-41505037186D}.Debug|Any CPU.Build.0 = Debug|Any CPU
		{58D1D01D-0F81-40AE-A108-41505037186D}.Release|Any CPU.ActiveCfg = Release|Any CPU
		{58D1D01D-0F81-40AE-A108-41505037186D}.Release|Any CPU.Build.0 = Release|Any CPU
		{E1359C3D-3A3B-4654-AC1C-F4FA9122E7A8}.Debug|Any CPU.ActiveCfg = Debug|Any CPU
		{E1359C3D-3A3B-4654-AC1C-F4FA9122E7A8}.Debug|Any CPU.Build.0 = Debug|Any CPU
		{E1359C3D-3A3B-4654-AC1C-F4FA9122E7A8}.Release|Any CPU.ActiveCfg = Release|Any CPU
		{E1359C3D-3A3B-4654-AC1C-F4FA9122E7A8}.Release|Any CPU.Build.0 = Release|Any CPU
		{DFB86A65-8CD1-4857-A86C-C9C9121E718D}.Debug|Any CPU.ActiveCfg = Debug|Any CPU
		{DFB86A65-8CD1-4857-A86C-C9C9121E718D}.Debug|Any CPU.Build.0 = Debug|Any CPU
		{DFB86A65-8CD1-4857-A86C-C9C9121E718D}.Release|Any CPU.ActiveCfg = Release|Any CPU
		{DFB86A65-8CD1-4857-A86C-C9C9121E718D}.Release|Any CPU.Build.0 = Release|Any CPU
		{28366CED-9C29-4A80-8EA8-0BD1DF499F88}.Debug|Any CPU.ActiveCfg = Debug|Any CPU
		{28366CED-9C29-4A80-8EA8-0BD1DF499F88}.Debug|Any CPU.Build.0 = Debug|Any CPU
		{28366CED-9C29-4A80-8EA8-0BD1DF499F88}.Release|Any CPU.ActiveCfg = Release|Any CPU
		{28366CED-9C29-4A80-8EA8-0BD1DF499F88}.Release|Any CPU.Build.0 = Release|Any CPU
		{C74E1D2E-2C6B-4EF5-B401-C06488F35269}.Debug|Any CPU.ActiveCfg = Debug|Any CPU
		{C74E1D2E-2C6B-4EF5-B401-C06488F35269}.Debug|Any CPU.Build.0 = Debug|Any CPU
		{C74E1D2E-2C6B-4EF5-B401-C06488F35269}.Release|Any CPU.ActiveCfg = Release|Any CPU
		{C74E1D2E-2C6B-4EF5-B401-C06488F35269}.Release|Any CPU.Build.0 = Release|Any CPU
	EndGlobalSection
	GlobalSection(SolutionProperties) = preSolution
		HideSolutionNode = FALSE
	EndGlobalSection
	GlobalSection(NestedProjects) = preSolution
		{E791D925-2214-41A5-98F1-1FDBE6FD1173} = {BAD99122-D6DE-4F78-BADE-0EA1486127F8}
		{58D1D01D-0F81-40AE-A108-41505037186D} = {BAD99122-D6DE-4F78-BADE-0EA1486127F8}
		{E1359C3D-3A3B-4654-AC1C-F4FA9122E7A8} = {4F3F485F-E52A-4114-8D18-9734D0A6A8B1}
		{DFB86A65-8CD1-4857-A86C-C9C9121E718D} = {6495C664-E51B-4014-9F59-EF2768D72EAA}
		{28366CED-9C29-4A80-8EA8-0BD1DF499F88} = {6495C664-E51B-4014-9F59-EF2768D72EAA}
		{DF5EAF9F-221F-4CAA-ACF2-954C72FD7CA5} = {1222EB93-98C0-4D9A-A9EC-2959BC7BAC31}
		{7F5F1FED-D0B8-4D97-B018-A0AB54038B79} = {DF5EAF9F-221F-4CAA-ACF2-954C72FD7CA5}
		{C74E1D2E-2C6B-4EF5-B401-C06488F35269} = {2C904954-0083-4F2C-A144-ADE3D341EDB4}
	EndGlobalSection
EndGlobal
